// !$*UTF8*$!
{
	archiveVersion = 1;
	classes = {
	};
	objectVersion = 55;
	objects = {

/* Begin PBXBuildFile section */
		367EF6F828200095001E8841 /* DrawMap.cpp in Sources */ = {isa = PBXBuildFile; fileRef = 367EF6E028200095001E8841 /* DrawMap.cpp */; };
		367EF6F928200095001E8841 /* Pacman.cpp in Sources */ = {isa = PBXBuildFile; fileRef = 367EF6E828200095001E8841 /* Pacman.cpp */; };
		367EF6FA28200095001E8841 /* DrawText.cpp in Sources */ = {isa = PBXBuildFile; fileRef = 367EF6E928200095001E8841 /* DrawText.cpp */; };
		367EF6FB28200095001E8841 /* Ghost.cpp in Sources */ = {isa = PBXBuildFile; fileRef = 367EF6EA28200095001E8841 /* Ghost.cpp */; };
		367EF6FC28200095001E8841 /* GhostManager.cpp in Sources */ = {isa = PBXBuildFile; fileRef = 367EF6F428200095001E8841 /* GhostManager.cpp */; };
		367EF6FE28200095001E8841 /* ConvertSketch.cpp in Sources */ = {isa = PBXBuildFile; fileRef = 367EF6F628200095001E8841 /* ConvertSketch.cpp */; };
		367EF6FF28200095001E8841 /* MapCollision.cpp in Sources */ = {isa = PBXBuildFile; fileRef = 367EF6F728200095001E8841 /* MapCollision.cpp */; };
		367EF710282002F4001E8841 /* Main.cpp in Sources */ = {isa = PBXBuildFile; fileRef = 367EF70F282002F4001E8841 /* Main.cpp */; };
		367EF7442822E846001E8841 /* sfml-audio.framework in Frameworks */ = {isa = PBXBuildFile; fileRef = 367EF704282000F8001E8841 /* sfml-audio.framework */; };
		367EF7472822E847001E8841 /* sfml-graphics.framework in Frameworks */ = {isa = PBXBuildFile; fileRef = 367EF703282000F8001E8841 /* sfml-graphics.framework */; };
		367EF7492822E849001E8841 /* sfml-network.framework in Frameworks */ = {isa = PBXBuildFile; fileRef = 367EF702282000F8001E8841 /* sfml-network.framework */; };
		367EF74B2822E84A001E8841 /* sfml-system.framework in Frameworks */ = {isa = PBXBuildFile; fileRef = 367EF705282000F8001E8841 /* sfml-system.framework */; };
		367EF74D2822E84B001E8841 /* sfml-window.framework in Frameworks */ = {isa = PBXBuildFile; fileRef = 367EF701282000F8001E8841 /* sfml-window.framework */; };
		367EF74F2822E84C001E8841 /* SFML.framework in Frameworks */ = {isa = PBXBuildFile; fileRef = 367EF706282000F8001E8841 /* SFML.framework */; };
/* End PBXBuildFile section */

/* Begin PBXCopyFilesBuildPhase section */
		367EF6D428200075001E8841 /* CopyFiles */ = {
			isa = PBXCopyFilesBuildPhase;
			buildActionMask = 2147483647;
			dstPath = /usr/share/man/man1/;
			dstSubfolderSpec = 0;
			files = (
			);
			runOnlyForDeploymentPostprocessing = 1;
		};
/* End PBXCopyFilesBuildPhase section */

/* Begin PBXFileReference section */
		367EF6D628200075001E8841 /* pacman */ = {isa = PBXFileReference; explicitFileType = "compiled.mach-o.executable"; includeInIndex = 0; path = pacman; sourceTree = BUILT_PRODUCTS_DIR; };
		367EF6E028200095001E8841 /* DrawMap.cpp */ = {isa = PBXFileReference; fileEncoding = 4; lastKnownFileType = sourcecode.cpp.cpp; path = DrawMap.cpp; sourceTree = "<group>"; };
		367EF6E328200095001E8841 /* Ghost16.png */ = {isa = PBXFileReference; lastKnownFileType = image.png; path = Ghost16.png; sourceTree = "<group>"; };
		367EF6E428200095001E8841 /* PacmanDeath16.png */ = {isa = PBXFileReference; lastKnownFileType = image.png; path = PacmanDeath16.png; sourceTree = "<group>"; };
		367EF6E528200095001E8841 /* Pacman16.png */ = {isa = PBXFileReference; lastKnownFileType = image.png; path = Pacman16.png; sourceTree = "<group>"; };
		367EF6E628200095001E8841 /* Font.png */ = {isa = PBXFileReference; lastKnownFileType = image.png; path = Font.png; sourceTree = "<group>"; };
		367EF6E728200095001E8841 /* Map16.png */ = {isa = PBXFileReference; lastKnownFileType = image.png; path = Map16.png; sourceTree = "<group>"; };
		367EF6E828200095001E8841 /* Pacman.cpp */ = {isa = PBXFileReference; fileEncoding = 4; lastKnownFileType = sourcecode.cpp.cpp; path = Pacman.cpp; sourceTree = "<group>"; };
		367EF6E928200095001E8841 /* DrawText.cpp */ = {isa = PBXFileReference; fileEncoding = 4; lastKnownFileType = sourcecode.cpp.cpp; path = DrawText.cpp; sourceTree = "<group>"; };
		367EF6EA28200095001E8841 /* Ghost.cpp */ = {isa = PBXFileReference; fileEncoding = 4; lastKnownFileType = sourcecode.cpp.cpp; path = Ghost.cpp; sourceTree = "<group>"; };
		367EF6EC28200095001E8841 /* Global.hpp */ = {isa = PBXFileReference; fileEncoding = 4; lastKnownFileType = sourcecode.cpp.h; path = Global.hpp; sourceTree = "<group>"; };
		367EF6ED28200095001E8841 /* MapCollision.hpp */ = {isa = PBXFileReference; fileEncoding = 4; lastKnownFileType = sourcecode.cpp.h; path = MapCollision.hpp; sourceTree = "<group>"; };
		367EF6EE28200095001E8841 /* DrawText.hpp */ = {isa = PBXFileReference; fileEncoding = 4; lastKnownFileType = sourcecode.cpp.h; path = DrawText.hpp; sourceTree = "<group>"; };
		367EF6EF28200095001E8841 /* Ghost.hpp */ = {isa = PBXFileReference; fileEncoding = 4; lastKnownFileType = sourcecode.cpp.h; path = Ghost.hpp; sourceTree = "<group>"; };
		367EF6F028200095001E8841 /* DrawMap.hpp */ = {isa = PBXFileReference; fileEncoding = 4; lastKnownFileType = sourcecode.cpp.h; path = DrawMap.hpp; sourceTree = "<group>"; };
		367EF6F128200095001E8841 /* ConvertSketch.hpp */ = {isa = PBXFileReference; fileEncoding = 4; lastKnownFileType = sourcecode.cpp.h; path = ConvertSketch.hpp; sourceTree = "<group>"; };
		367EF6F228200095001E8841 /* GhostManager.hpp */ = {isa = PBXFileReference; fileEncoding = 4; lastKnownFileType = sourcecode.cpp.h; path = GhostManager.hpp; sourceTree = "<group>"; };
		367EF6F328200095001E8841 /* Pacman.hpp */ = {isa = PBXFileReference; fileEncoding = 4; lastKnownFileType = sourcecode.cpp.h; path = Pacman.hpp; sourceTree = "<group>"; };
		367EF6F428200095001E8841 /* GhostManager.cpp */ = {isa = PBXFileReference; fileEncoding = 4; lastKnownFileType = sourcecode.cpp.cpp; path = GhostManager.cpp; sourceTree = "<group>"; };
		367EF6F628200095001E8841 /* ConvertSketch.cpp */ = {isa = PBXFileReference; fileEncoding = 4; lastKnownFileType = sourcecode.cpp.cpp; path = ConvertSketch.cpp; sourceTree = "<group>"; };
		367EF6F728200095001E8841 /* MapCollision.cpp */ = {isa = PBXFileReference; fileEncoding = 4; lastKnownFileType = sourcecode.cpp.cpp; path = MapCollision.cpp; sourceTree = "<group>"; };
		367EF701282000F8001E8841 /* sfml-window.framework */ = {isa = PBXFileReference; lastKnownFileType = wrapper.framework; name = "sfml-window.framework"; path = "../../../../../../Library/Frameworks/sfml-window.framework"; sourceTree = "<group>"; };
		367EF702282000F8001E8841 /* sfml-network.framework */ = {isa = PBXFileReference; lastKnownFileType = wrapper.framework; name = "sfml-network.framework"; path = "../../../../../../Library/Frameworks/sfml-network.framework"; sourceTree = "<group>"; };
		367EF703282000F8001E8841 /* sfml-graphics.framework */ = {isa = PBXFileReference; lastKnownFileType = wrapper.framework; name = "sfml-graphics.framework"; path = "../../../../../../Library/Frameworks/sfml-graphics.framework"; sourceTree = "<group>"; };
		367EF704282000F8001E8841 /* sfml-audio.framework */ = {isa = PBXFileReference; lastKnownFileType = wrapper.framework; name = "sfml-audio.framework"; path = "../../../../../../Library/Frameworks/sfml-audio.framework"; sourceTree = "<group>"; };
		367EF705282000F8001E8841 /* sfml-system.framework */ = {isa = PBXFileReference; lastKnownFileType = wrapper.framework; name = "sfml-system.framework"; path = "../../../../../../Library/Frameworks/sfml-system.framework"; sourceTree = "<group>"; };
		367EF706282000F8001E8841 /* SFML.framework */ = {isa = PBXFileReference; lastKnownFileType = wrapper.framework; name = SFML.framework; path = ../../../../../../Library/Frameworks/SFML.framework; sourceTree = "<group>"; };
		367EF70D28200190001E8841 /* pacman.entitlements */ = {isa = PBXFileReference; lastKnownFileType = text.plist.entitlements; path = pacman.entitlements; sourceTree = "<group>"; };
		367EF70F282002F4001E8841 /* Main.cpp */ = {isa = PBXFileReference; fileEncoding = 4; lastKnownFileType = sourcecode.cpp.cpp; path = Main.cpp; sourceTree = "<group>"; };
/* End PBXFileReference section */

/* Begin PBXFrameworksBuildPhase section */
		367EF6D328200075001E8841 /* Frameworks */ = {
			isa = PBXFrameworksBuildPhase;
			buildActionMask = 2147483647;
			files = (
				367EF74F2822E84C001E8841 /* SFML.framework in Frameworks */,
				367EF7492822E849001E8841 /* sfml-network.framework in Frameworks */,
				367EF7442822E846001E8841 /* sfml-audio.framework in Frameworks */,
				367EF74D2822E84B001E8841 /* sfml-window.framework in Frameworks */,
				367EF74B2822E84A001E8841 /* sfml-system.framework in Frameworks */,
				367EF7472822E847001E8841 /* sfml-graphics.framework in Frameworks */,
			);
			runOnlyForDeploymentPostprocessing = 0;
		};
/* End PBXFrameworksBuildPhase section */

/* Begin PBXGroup section */
		367EF6CD28200075001E8841 = {
			isa = PBXGroup;
			children = (
				367EF6D828200075001E8841 /* pacman */,
				367EF6D728200075001E8841 /* Products */,
				367EF700282000F8001E8841 /* Frameworks */,
			);
			sourceTree = "<group>";
		};
		367EF6D728200075001E8841 /* Products */ = {
			isa = PBXGroup;
			children = (
				367EF6D628200075001E8841 /* pacman */,
			);
			name = Products;
			sourceTree = "<group>";
		};
		367EF6D828200075001E8841 /* pacman */ = {
			isa = PBXGroup;
			children = (
				367EF70D28200190001E8841 /* pacman.entitlements */,
				367EF70F282002F4001E8841 /* Main.cpp */,
				367EF6F628200095001E8841 /* ConvertSketch.cpp */,
				367EF6E028200095001E8841 /* DrawMap.cpp */,
				367EF6E928200095001E8841 /* DrawText.cpp */,
				367EF6EA28200095001E8841 /* Ghost.cpp */,
				367EF6F428200095001E8841 /* GhostManager.cpp */,
				367EF6F728200095001E8841 /* MapCollision.cpp */,
				367EF6E828200095001E8841 /* Pacman.cpp */,
				367EF6EB28200095001E8841 /* Headers */,
				367EF6E128200095001E8841 /* Resources */,
			);
			path = pacman;
			sourceTree = "<group>";
		};
		367EF6E128200095001E8841 /* Resources */ = {
			isa = PBXGroup;
			children = (
				367EF6E228200095001E8841 /* Images */,
			);
			path = Resources;
			sourceTree = "<group>";
		};
		367EF6E228200095001E8841 /* Images */ = {
			isa = PBXGroup;
			children = (
				367EF6E328200095001E8841 /* Ghost16.png */,
				367EF6E428200095001E8841 /* PacmanDeath16.png */,
				367EF6E528200095001E8841 /* Pacman16.png */,
				367EF6E628200095001E8841 /* Font.png */,
				367EF6E728200095001E8841 /* Map16.png */,
			);
			path = Images;
			sourceTree = "<group>";
		};
		367EF6EB28200095001E8841 /* Headers */ = {
			isa = PBXGroup;
			children = (
				367EF6EC28200095001E8841 /* Global.hpp */,
				367EF6ED28200095001E8841 /* MapCollision.hpp */,
				367EF6EE28200095001E8841 /* DrawText.hpp */,
				367EF6EF28200095001E8841 /* Ghost.hpp */,
				367EF6F028200095001E8841 /* DrawMap.hpp */,
				367EF6F128200095001E8841 /* ConvertSketch.hpp */,
				367EF6F228200095001E8841 /* GhostManager.hpp */,
				367EF6F328200095001E8841 /* Pacman.hpp */,
			);
			path = Headers;
			sourceTree = "<group>";
		};
		367EF700282000F8001E8841 /* Frameworks */ = {
			isa = PBXGroup;
			children = (
				367EF704282000F8001E8841 /* sfml-audio.framework */,
				367EF703282000F8001E8841 /* sfml-graphics.framework */,
				367EF702282000F8001E8841 /* sfml-network.framework */,
				367EF705282000F8001E8841 /* sfml-system.framework */,
				367EF701282000F8001E8841 /* sfml-window.framework */,
				367EF706282000F8001E8841 /* SFML.framework */,
			);
			name = Frameworks;
			sourceTree = "<group>";
		};
/* End PBXGroup section */

/* Begin PBXNativeTarget section */
		367EF6D528200075001E8841 /* pacman */ = {
			isa = PBXNativeTarget;
			buildConfigurationList = 367EF6DD28200075001E8841 /* Build configuration list for PBXNativeTarget "pacman" */;
			buildPhases = (
				367EF6D228200075001E8841 /* Sources */,
				367EF6D328200075001E8841 /* Frameworks */,
				367EF6D428200075001E8841 /* CopyFiles */,
			);
			buildRules = (
			);
			dependencies = (
			);
			name = pacman;
			productName = pacman;
			productReference = 367EF6D628200075001E8841 /* pacman */;
			productType = "com.apple.product-type.tool";
		};
/* End PBXNativeTarget section */

/* Begin PBXProject section */
		367EF6CE28200075001E8841 /* Project object */ = {
			isa = PBXProject;
			attributes = {
				BuildIndependentTargetsInParallel = 1;
				LastUpgradeCheck = 1330;
				TargetAttributes = {
					367EF6D528200075001E8841 = {
						CreatedOnToolsVersion = 13.3.1;
					};
				};
			};
			buildConfigurationList = 367EF6D128200075001E8841 /* Build configuration list for PBXProject "pacman" */;
			compatibilityVersion = "Xcode 13.0";
			developmentRegion = en;
			hasScannedForEncodings = 0;
			knownRegions = (
				en,
				Base,
			);
			mainGroup = 367EF6CD28200075001E8841;
			productRefGroup = 367EF6D728200075001E8841 /* Products */;
			projectDirPath = "";
			projectRoot = "";
			targets = (
				367EF6D528200075001E8841 /* pacman */,
			);
		};
/* End PBXProject section */

/* Begin PBXSourcesBuildPhase section */
		367EF6D228200075001E8841 /* Sources */ = {
			isa = PBXSourcesBuildPhase;
			buildActionMask = 2147483647;
			files = (
				367EF710282002F4001E8841 /* Main.cpp in Sources */,
				367EF6FA28200095001E8841 /* DrawText.cpp in Sources */,
				367EF6FB28200095001E8841 /* Ghost.cpp in Sources */,
				367EF6F828200095001E8841 /* DrawMap.cpp in Sources */,
				367EF6FE28200095001E8841 /* ConvertSketch.cpp in Sources */,
				367EF6F928200095001E8841 /* Pacman.cpp in Sources */,
				367EF6FF28200095001E8841 /* MapCollision.cpp in Sources */,
				367EF6FC28200095001E8841 /* GhostManager.cpp in Sources */,
			);
			runOnlyForDeploymentPostprocessing = 0;
		};
/* End PBXSourcesBuildPhase section */

/* Begin XCBuildConfiguration section */
		367EF6DB28200075001E8841 /* Debug */ = {
			isa = XCBuildConfiguration;
			buildSettings = {
				ALWAYS_SEARCH_USER_PATHS = NO;
				CLANG_ANALYZER_NONNULL = YES;
				CLANG_ANALYZER_NUMBER_OBJECT_CONVERSION = YES_AGGRESSIVE;
				CLANG_CXX_LANGUAGE_STANDARD = "gnu++17";
				CLANG_ENABLE_MODULES = YES;
				CLANG_ENABLE_OBJC_ARC = YES;
				CLANG_ENABLE_OBJC_WEAK = YES;
				CLANG_WARN_BLOCK_CAPTURE_AUTORELEASING = YES;
				CLANG_WARN_BOOL_CONVERSION = YES;
				CLANG_WARN_COMMA = YES;
				CLANG_WARN_CONSTANT_CONVERSION = YES;
				CLANG_WARN_DEPRECATED_OBJC_IMPLEMENTATIONS = YES;
				CLANG_WARN_DIRECT_OBJC_ISA_USAGE = YES_ERROR;
				CLANG_WARN_DOCUMENTATION_COMMENTS = YES;
				CLANG_WARN_EMPTY_BODY = YES;
				CLANG_WARN_ENUM_CONVERSION = YES;
				CLANG_WARN_INFINITE_RECURSION = YES;
				CLANG_WARN_INT_CONVERSION = YES;
				CLANG_WARN_NON_LITERAL_NULL_CONVERSION = YES;
				CLANG_WARN_OBJC_IMPLICIT_RETAIN_SELF = YES;
				CLANG_WARN_OBJC_LITERAL_CONVERSION = YES;
				CLANG_WARN_OBJC_ROOT_CLASS = YES_ERROR;
				CLANG_WARN_QUOTED_INCLUDE_IN_FRAMEWORK_HEADER = YES;
				CLANG_WARN_RANGE_LOOP_ANALYSIS = YES;
				CLANG_WARN_STRICT_PROTOTYPES = YES;
				CLANG_WARN_SUSPICIOUS_MOVE = YES;
				CLANG_WARN_UNGUARDED_AVAILABILITY = YES_AGGRESSIVE;
				CLANG_WARN_UNREACHABLE_CODE = YES;
				CLANG_WARN__DUPLICATE_METHOD_MATCH = YES;
				COPY_PHASE_STRIP = NO;
				DEBUG_INFORMATION_FORMAT = dwarf;
				ENABLE_STRICT_OBJC_MSGSEND = YES;
				ENABLE_TESTABILITY = YES;
				GCC_C_LANGUAGE_STANDARD = gnu11;
				GCC_DYNAMIC_NO_PIC = NO;
				GCC_NO_COMMON_BLOCKS = YES;
				GCC_OPTIMIZATION_LEVEL = 0;
				GCC_PREPROCESSOR_DEFINITIONS = (
					"DEBUG=1",
					"$(inherited)",
				);
				GCC_WARN_64_TO_32_BIT_CONVERSION = YES;
				GCC_WARN_ABOUT_RETURN_TYPE = YES_ERROR;
				GCC_WARN_UNDECLARED_SELECTOR = YES;
				GCC_WARN_UNINITIALIZED_AUTOS = YES_AGGRESSIVE;
				GCC_WARN_UNUSED_FUNCTION = YES;
				GCC_WARN_UNUSED_VARIABLE = YES;
				MACOSX_DEPLOYMENT_TARGET = 12.3;
				MTL_ENABLE_DEBUG_INFO = INCLUDE_SOURCE;
				MTL_FAST_MATH = YES;
				ONLY_ACTIVE_ARCH = YES;
				SDKROOT = macosx;
			};
			name = Debug;
		};
		367EF6DC28200075001E8841 /* Release */ = {
			isa = XCBuildConfiguration;
			buildSettings = {
				ALWAYS_SEARCH_USER_PATHS = NO;
				CLANG_ANALYZER_NONNULL = YES;
				CLANG_ANALYZER_NUMBER_OBJECT_CONVERSION = YES_AGGRESSIVE;
				CLANG_CXX_LANGUAGE_STANDARD = "gnu++17";
				CLANG_ENABLE_MODULES = YES;
				CLANG_ENABLE_OBJC_ARC = YES;
				CLANG_ENABLE_OBJC_WEAK = YES;
				CLANG_WARN_BLOCK_CAPTURE_AUTORELEASING = YES;
				CLANG_WARN_BOOL_CONVERSION = YES;
				CLANG_WARN_COMMA = YES;
				CLANG_WARN_CONSTANT_CONVERSION = YES;
				CLANG_WARN_DEPRECATED_OBJC_IMPLEMENTATIONS = YES;
				CLANG_WARN_DIRECT_OBJC_ISA_USAGE = YES_ERROR;
				CLANG_WARN_DOCUMENTATION_COMMENTS = YES;
				CLANG_WARN_EMPTY_BODY = YES;
				CLANG_WARN_ENUM_CONVERSION = YES;
				CLANG_WARN_INFINITE_RECURSION = YES;
				CLANG_WARN_INT_CONVERSION = YES;
				CLANG_WARN_NON_LITERAL_NULL_CONVERSION = YES;
				CLANG_WARN_OBJC_IMPLICIT_RETAIN_SELF = YES;
				CLANG_WARN_OBJC_LITERAL_CONVERSION = YES;
				CLANG_WARN_OBJC_ROOT_CLASS = YES_ERROR;
				CLANG_WARN_QUOTED_INCLUDE_IN_FRAMEWORK_HEADER = YES;
				CLANG_WARN_RANGE_LOOP_ANALYSIS = YES;
				CLANG_WARN_STRICT_PROTOTYPES = YES;
				CLANG_WARN_SUSPICIOUS_MOVE = YES;
				CLANG_WARN_UNGUARDED_AVAILABILITY = YES_AGGRESSIVE;
				CLANG_WARN_UNREACHABLE_CODE = YES;
				CLANG_WARN__DUPLICATE_METHOD_MATCH = YES;
				COPY_PHASE_STRIP = NO;
				DEBUG_INFORMATION_FORMAT = "dwarf-with-dsym";
				ENABLE_NS_ASSERTIONS = NO;
				ENABLE_STRICT_OBJC_MSGSEND = YES;
				GCC_C_LANGUAGE_STANDARD = gnu11;
				GCC_NO_COMMON_BLOCKS = YES;
				GCC_WARN_64_TO_32_BIT_CONVERSION = YES;
				GCC_WARN_ABOUT_RETURN_TYPE = YES_ERROR;
				GCC_WARN_UNDECLARED_SELECTOR = YES;
				GCC_WARN_UNINITIALIZED_AUTOS = YES_AGGRESSIVE;
				GCC_WARN_UNUSED_FUNCTION = YES;
				GCC_WARN_UNUSED_VARIABLE = YES;
				MACOSX_DEPLOYMENT_TARGET = 12.3;
				MTL_ENABLE_DEBUG_INFO = NO;
				MTL_FAST_MATH = YES;
				SDKROOT = macosx;
			};
			name = Release;
		};
		367EF6DE28200075001E8841 /* Debug */ = {
			isa = XCBuildConfiguration;
			buildSettings = {
				CODE_SIGN_ENTITLEMENTS = pacman/pacman.entitlements;
				CODE_SIGN_STYLE = Automatic;
				DEVELOPMENT_TEAM = 238638W3AM;
				ENABLE_HARDENED_RUNTIME = YES;
				"EXCLUDED_ARCHS[sdk=*]" = "\"arm64\"";
				FRAMEWORK_SEARCH_PATHS = (
					"$(inherited)",
					"$(LOCAL_LIBRARY_DIR)/Frameworks",
				);
				PRODUCT_BUNDLE_IDENTIFIER = pacman;
				PRODUCT_NAME = "$(TARGET_NAME)";
			};
			name = Debug;
		};
		367EF6DF28200075001E8841 /* Release */ = {
			isa = XCBuildConfiguration;
			buildSettings = {
				CODE_SIGN_ENTITLEMENTS = pacman/pacman.entitlements;
				CODE_SIGN_STYLE = Automatic;
				DEVELOPMENT_TEAM = 238638W3AM;
				ENABLE_HARDENED_RUNTIME = YES;
				"EXCLUDED_ARCHS[sdk=*]" = "\"arm64\"";
				FRAMEWORK_SEARCH_PATHS = (
					"$(inherited)",
					"$(LOCAL_LIBRARY_DIR)/Frameworks",
				);
				PRODUCT_BUNDLE_IDENTIFIER = pacman;
				PRODUCT_NAME = "$(TARGET_NAME)";
			};
			name = Release;
		};
/* End XCBuildConfiguration section */

/* Begin XCConfigurationList section */
		367EF6D128200075001E8841 /* Build configuration list for PBXProject "pacman" */ = {
			isa = XCConfigurationList;
			buildConfigurations = (
				367EF6DB28200075001E8841 /* Debug */,
				367EF6DC28200075001E8841 /* Release */,
			);
			defaultConfigurationIsVisible = 0;
			defaultConfigurationName = Release;
		};
		367EF6DD28200075001E8841 /* Build configuration list for PBXNativeTarget "pacman" */ = {
			isa = XCConfigurationList;
			buildConfigurations = (
				367EF6DE28200075001E8841 /* Debug */,
				367EF6DF28200075001E8841 /* Release */,
			);
			defaultConfigurationIsVisible = 0;
			defaultConfigurationName = Release;
		};
/* End XCConfigurationList section */
	};
	rootObject = 367EF6CE28200075001E8841 /* Project object */;
}
